uuid: 5a853a56-2d75-4c9d-974c-221c344d032f
langcode: en
status: true
dependencies:
  module:
    - eic_blocks
  theme:
    - eic_community
id: eicpagecontextualactionblock
theme: eic_community
region: content
weight: 0
provider: null
plugin: eic_page_contextual_action_block
settings:
  id: eic_page_contextual_action_block
  label: 'EIC Page Contextual Action block'
  label_display: '0'
  provider: eic_blocks
visibility: {  }
